
Microsoft Visual Studio Solution File, Format Version 12.00
# Visual Studio Version 17
VisualStudioVersion = 17.11.35208.52
MinimumVisualStudioVersion = 10.0.40219.1
Project("{9A19103F-16F7-4668-BE54-9A1E7A4F7556}") = "LAAUI", "LAAUI\LAAUI.csproj", "{17777CF9-70FC-4736-BBBD-4115D0C0B616}"
EndProject
Project("{9A19103F-16F7-4668-BE54-9A1E7A4F7556}") = "LAAUI.StartInterpreter", "LAAUI.StartInterpreter\LAAUI.StartInterpreter.csproj", "{78AF1137-7BA4-4021-90B1-151160A3B94B}"
EndProject
Project("{FAE04EC0-301F-11D3-BF4B-00C04F79EFBC}") = "LAAUI.InterpreterDataVehicles", "LAAUI.InterpreterDataVehicles\LAAUI.InterpreterDataVehicles.csproj", "{ED5D3482-CCFA-45BC-A72A-A43D0A541CCD}"
EndProject
Project("{FAE04EC0-301F-11D3-BF4B-00C04F79EFBC}") = "LAAUI.AstNodes", "LAAUI.AstNodes\LAAUI.AstNodes.csproj", "{7380EA92-28B8-45C9-98A0-5E2979DC0ED5}"
EndProject
Project("{FAE04EC0-301F-11D3-BF4B-00C04F79EFBC}") = "LAAUI.Tokens", "LAAUI.Tokens\LAAUI.Tokens.csproj", "{063EAD80-69AC-4CE0-9090-10B94FD6DE80}"
EndProject
Project("{FAE04EC0-301F-11D3-BF4B-00C04F79EFBC}") = "LAAUI.Types", "LAAUI.Types\LAAUI.Types.csproj", "{B1963C8F-4774-4FCF-9F6B-36C08B737DE0}"
EndProject
Project("{FAE04EC0-301F-11D3-BF4B-00C04F79EFBC}") = "LAAUI.Errors", "LAAUI.Errors\LAAUI.Errors.csproj", "{0F469B7E-A329-40D9-B6E3-346F86A269C4}"
EndProject
Project("{FAE04EC0-301F-11D3-BF4B-00C04F79EFBC}") = "LAAUI.Ranges", "LAAUI.Ranges\LAAUI.Ranges.csproj", "{2F9053AA-60A1-4082-901D-5C1088A6D81E}"
EndProject
Project("{FAE04EC0-301F-11D3-BF4B-00C04F79EFBC}") = "LAAUI.Lexers", "LAAUI.Lexers\LAAUI.Lexers.csproj", "{A0DE2BB8-78C0-43BC-9184-FDE17AFC11CA}"
EndProject
Project("{FAE04EC0-301F-11D3-BF4B-00C04F79EFBC}") = "LAAUI.Parsers", "LAAUI.Parsers\LAAUI.Parsers.csproj", "{4F942B2C-65EA-41D4-B07F-19E54E5B9C2A}"
EndProject
Project("{FAE04EC0-301F-11D3-BF4B-00C04F79EFBC}") = "LAAUI.Interpreters", "LAAUI.Interpreters\LAAUI.Interpreters.csproj", "{97E57629-FB3C-4D91-80F9-20675D9698EE}"
EndProject
Project("{FAE04EC0-301F-11D3-BF4B-00C04F79EFBC}") = "LAAUI.Visitors", "LAAUI.Visitors\LAAUI.Visitors.csproj", "{79C6F6AE-A971-4A77-89C4-D070A17D6B67}"
EndProject
Project("{FAE04EC0-301F-11D3-BF4B-00C04F79EFBC}") = "LAAUI.Runners", "LAAUI.Runners\LAAUI.Runners.csproj", "{D11573BE-297D-458E-80BC-E6D594E49D6F}"
EndProject
Project("{FAE04EC0-301F-11D3-BF4B-00C04F79EFBC}") = "LAAUI.Dispatchers", "LAAUI.Dispatchers\LAAUI.Dispatchers.csproj", "{75302F52-21E5-4FB6-9B8E-E513DACB8B02}"
EndProject
Project("{FAE04EC0-301F-11D3-BF4B-00C04F79EFBC}") = "LAAUI.StartCompiler", "LAAUI.StartCompiler\LAAUI.StartCompiler.csproj", "{AC7247C2-2471-43E1-9422-340A66917989}"
EndProject
Project("{FAE04EC0-301F-11D3-BF4B-00C04F79EFBC}") = "LAAUI.Tests", "LAAUI.Tests\LAAUI.Tests.csproj", "{B2FADDD8-9FA2-4BA9-A86B-638AB9DE53B4}"
EndProject
Global
	GlobalSection(SolutionConfigurationPlatforms) = preSolution
		Debug|Any CPU = Debug|Any CPU
		Release|Any CPU = Release|Any CPU
	EndGlobalSection
	GlobalSection(ProjectConfigurationPlatforms) = postSolution
		{17777CF9-70FC-4736-BBBD-4115D0C0B616}.Debug|Any CPU.ActiveCfg = Debug|Any CPU
		{17777CF9-70FC-4736-BBBD-4115D0C0B616}.Debug|Any CPU.Build.0 = Debug|Any CPU
		{17777CF9-70FC-4736-BBBD-4115D0C0B616}.Release|Any CPU.ActiveCfg = Release|Any CPU
		{17777CF9-70FC-4736-BBBD-4115D0C0B616}.Release|Any CPU.Build.0 = Release|Any CPU
		{78AF1137-7BA4-4021-90B1-151160A3B94B}.Debug|Any CPU.ActiveCfg = Debug|Any CPU
		{78AF1137-7BA4-4021-90B1-151160A3B94B}.Debug|Any CPU.Build.0 = Debug|Any CPU
		{78AF1137-7BA4-4021-90B1-151160A3B94B}.Release|Any CPU.ActiveCfg = Release|Any CPU
		{78AF1137-7BA4-4021-90B1-151160A3B94B}.Release|Any CPU.Build.0 = Release|Any CPU
		{ED5D3482-CCFA-45BC-A72A-A43D0A541CCD}.Debug|Any CPU.ActiveCfg = Debug|Any CPU
		{ED5D3482-CCFA-45BC-A72A-A43D0A541CCD}.Debug|Any CPU.Build.0 = Debug|Any CPU
		{ED5D3482-CCFA-45BC-A72A-A43D0A541CCD}.Release|Any CPU.ActiveCfg = Release|Any CPU
		{ED5D3482-CCFA-45BC-A72A-A43D0A541CCD}.Release|Any CPU.Build.0 = Release|Any CPU
		{7380EA92-28B8-45C9-98A0-5E2979DC0ED5}.Debug|Any CPU.ActiveCfg = Debug|Any CPU
		{7380EA92-28B8-45C9-98A0-5E2979DC0ED5}.Debug|Any CPU.Build.0 = Debug|Any CPU
		{7380EA92-28B8-45C9-98A0-5E2979DC0ED5}.Release|Any CPU.ActiveCfg = Release|Any CPU
		{7380EA92-28B8-45C9-98A0-5E2979DC0ED5}.Release|Any CPU.Build.0 = Release|Any CPU
		{063EAD80-69AC-4CE0-9090-10B94FD6DE80}.Debug|Any CPU.ActiveCfg = Debug|Any CPU
		{063EAD80-69AC-4CE0-9090-10B94FD6DE80}.Debug|Any CPU.Build.0 = Debug|Any CPU
		{063EAD80-69AC-4CE0-9090-10B94FD6DE80}.Release|Any CPU.ActiveCfg = Release|Any CPU
		{063EAD80-69AC-4CE0-9090-10B94FD6DE80}.Release|Any CPU.Build.0 = Release|Any CPU
		{B1963C8F-4774-4FCF-9F6B-36C08B737DE0}.Debug|Any CPU.ActiveCfg = Debug|Any CPU
		{B1963C8F-4774-4FCF-9F6B-36C08B737DE0}.Debug|Any CPU.Build.0 = Debug|Any CPU
		{B1963C8F-4774-4FCF-9F6B-36C08B737DE0}.Release|Any CPU.ActiveCfg = Release|Any CPU
		{B1963C8F-4774-4FCF-9F6B-36C08B737DE0}.Release|Any CPU.Build.0 = Release|Any CPU
		{0F469B7E-A329-40D9-B6E3-346F86A269C4}.Debug|Any CPU.ActiveCfg = Debug|Any CPU
		{0F469B7E-A329-40D9-B6E3-346F86A269C4}.Debug|Any CPU.Build.0 = Debug|Any CPU
		{0F469B7E-A329-40D9-B6E3-346F86A269C4}.Release|Any CPU.ActiveCfg = Release|Any CPU
		{0F469B7E-A329-40D9-B6E3-346F86A269C4}.Release|Any CPU.Build.0 = Release|Any CPU
		{2F9053AA-60A1-4082-901D-5C1088A6D81E}.Debug|Any CPU.ActiveCfg = Debug|Any CPU
		{2F9053AA-60A1-4082-901D-5C1088A6D81E}.Debug|Any CPU.Build.0 = Debug|Any CPU
		{2F9053AA-60A1-4082-901D-5C1088A6D81E}.Release|Any CPU.ActiveCfg = Release|Any CPU
		{2F9053AA-60A1-4082-901D-5C1088A6D81E}.Release|Any CPU.Build.0 = Release|Any CPU
		{A0DE2BB8-78C0-43BC-9184-FDE17AFC11CA}.Debug|Any CPU.ActiveCfg = Debug|Any CPU
		{A0DE2BB8-78C0-43BC-9184-FDE17AFC11CA}.Debug|Any CPU.Build.0 = Debug|Any CPU
		{A0DE2BB8-78C0-43BC-9184-FDE17AFC11CA}.Release|Any CPU.ActiveCfg = Release|Any CPU
		{A0DE2BB8-78C0-43BC-9184-FDE17AFC11CA}.Release|Any CPU.Build.0 = Release|Any CPU
		{4F942B2C-65EA-41D4-B07F-19E54E5B9C2A}.Debug|Any CPU.ActiveCfg = Debug|Any CPU
		{4F942B2C-65EA-41D4-B07F-19E54E5B9C2A}.Debug|Any CPU.Build.0 = Debug|Any CPU
		{4F942B2C-65EA-41D4-B07F-19E54E5B9C2A}.Release|Any CPU.ActiveCfg = Release|Any CPU
		{4F942B2C-65EA-41D4-B07F-19E54E5B9C2A}.Release|Any CPU.Build.0 = Release|Any CPU
		{97E57629-FB3C-4D91-80F9-20675D9698EE}.Debug|Any CPU.ActiveCfg = Debug|Any CPU
		{97E57629-FB3C-4D91-80F9-20675D9698EE}.Debug|Any CPU.Build.0 = Debug|Any CPU
		{97E57629-FB3C-4D91-80F9-20675D9698EE}.Release|Any CPU.ActiveCfg = Release|Any CPU
		{97E57629-FB3C-4D91-80F9-20675D9698EE}.Release|Any CPU.Build.0 = Release|Any CPU
		{79C6F6AE-A971-4A77-89C4-D070A17D6B67}.Debug|Any CPU.ActiveCfg = Debug|Any CPU
		{79C6F6AE-A971-4A77-89C4-D070A17D6B67}.Debug|Any CPU.Build.0 = Debug|Any CPU
		{79C6F6AE-A971-4A77-89C4-D070A17D6B67}.Release|Any CPU.ActiveCfg = Release|Any CPU
		{79C6F6AE-A971-4A77-89C4-D070A17D6B67}.Release|Any CPU.Build.0 = Release|Any CPU
		{D11573BE-297D-458E-80BC-E6D594E49D6F}.Debug|Any CPU.ActiveCfg = Debug|Any CPU
		{D11573BE-297D-458E-80BC-E6D594E49D6F}.Debug|Any CPU.Build.0 = Debug|Any CPU
		{D11573BE-297D-458E-80BC-E6D594E49D6F}.Release|Any CPU.ActiveCfg = Release|Any CPU
		{D11573BE-297D-458E-80BC-E6D594E49D6F}.Release|Any CPU.Build.0 = Release|Any CPU
		{75302F52-21E5-4FB6-9B8E-E513DACB8B02}.Debug|Any CPU.ActiveCfg = Debug|Any CPU
		{75302F52-21E5-4FB6-9B8E-E513DACB8B02}.Debug|Any CPU.Build.0 = Debug|Any CPU
		{75302F52-21E5-4FB6-9B8E-E513DACB8B02}.Release|Any CPU.ActiveCfg = Release|Any CPU
		{75302F52-21E5-4FB6-9B8E-E513DACB8B02}.Release|Any CPU.Build.0 = Release|Any CPU
		{AC7247C2-2471-43E1-9422-340A66917989}.Debug|Any CPU.ActiveCfg = Debug|Any CPU
		{AC7247C2-2471-43E1-9422-340A66917989}.Debug|Any CPU.Build.0 = Debug|Any CPU
		{AC7247C2-2471-43E1-9422-340A66917989}.Release|Any CPU.ActiveCfg = Release|Any CPU
		{AC7247C2-2471-43E1-9422-340A66917989}.Release|Any CPU.Build.0 = Release|Any CPU
		{B2FADDD8-9FA2-4BA9-A86B-638AB9DE53B4}.Debug|Any CPU.ActiveCfg = Debug|Any CPU
		{B2FADDD8-9FA2-4BA9-A86B-638AB9DE53B4}.Debug|Any CPU.Build.0 = Debug|Any CPU
		{B2FADDD8-9FA2-4BA9-A86B-638AB9DE53B4}.Release|Any CPU.ActiveCfg = Release|Any CPU
		{B2FADDD8-9FA2-4BA9-A86B-638AB9DE53B4}.Release|Any CPU.Build.0 = Release|Any CPU
	EndGlobalSection
	GlobalSection(SolutionProperties) = preSolution
		HideSolutionNode = FALSE
	EndGlobalSection
	GlobalSection(ExtensibilityGlobals) = postSolution
		SolutionGuid = {649053F3-BF26-44F8-BAAD-F51F5CC63C6B}
	EndGlobalSection
EndGlobal
